
Microsoft Visual Studio Solution File, Format Version 11.00
# Visual Studio 2010
# SharpDevelop 4.4
Project("{FAE04EC0-301F-11D3-BF4B-00C04F79EFBC}") = "InstalarFuentes", "InstalarFuentes\InstalarFuentes.csproj", "{11156638-D462-4C23-A967-5B47A0FB9158}"
EndProject
Global
	GlobalSection(SolutionConfigurationPlatforms) = preSolution
		Debug|Any CPU = Debug|Any CPU
		Release|Any CPU = Release|Any CPU
	EndGlobalSection
	GlobalSection(ProjectConfigurationPlatforms) = postSolution
		{11156638-D462-4C23-A967-5B47A0FB9158}.Debug|Any CPU.Build.0 = Debug|Any CPU
		{11156638-D462-4C23-A967-5B47A0FB9158}.Debug|Any CPU.ActiveCfg = Debug|Any CPU
		{11156638-D462-4C23-A967-5B47A0FB9158}.Release|Any CPU.Build.0 = Release|Any CPU
		{11156638-D462-4C23-A967-5B47A0FB9158}.Release|Any CPU.ActiveCfg = Release|Any CPU
	EndGlobalSection
EndGlobal
